
Microsoft Visual Studio Solution File, Format Version 12.00
Project("{FAE04EC0-301F-11D3-BF4B-00C04F79EFBC}") = "ShellBuilderCore", "ShellBuilderCore\ShellBuilderCore.csproj", "{E00C744E-3AD8-4AB7-A467-A74780AC4045}"
EndProject
Project("{2150E333-8FDC-42A3-9474-1A3956D46DE8}") = "Tests", "Tests", "{8F00C58D-AF1A-4C38-A5B9-7FDAD7312214}"
EndProject
Project("{FAE04EC0-301F-11D3-BF4B-00C04F79EFBC}") = "ShellBuilder.Tests", "..\tests\ShellBuilder.Tests\ShellBuilder.Tests.csproj", "{12D24293-FC2D-4B52-AC40-3361A7E4D539}"
EndProject
Project("{2150E333-8FDC-42A3-9474-1A3956D46DE8}") = "Examples", "Examples", "{F9B6C446-785F-4CFD-831C-F3D8B1CCA860}"
EndProject
Project("{FAE04EC0-301F-11D3-BF4B-00C04F79EFBC}") = "Calculator", "..\examples\Calculator\Calculator.csproj", "{AE27D77D-D32C-4105-B093-D975E453DCBF}"
EndProject
Global
	GlobalSection(SolutionConfigurationPlatforms) = preSolution
		Debug|Any CPU = Debug|Any CPU
		Release|Any CPU = Release|Any CPU
	EndGlobalSection
	GlobalSection(ProjectConfigurationPlatforms) = postSolution
		{E00C744E-3AD8-4AB7-A467-A74780AC4045}.Debug|Any CPU.ActiveCfg = Debug|Any CPU
		{E00C744E-3AD8-4AB7-A467-A74780AC4045}.Debug|Any CPU.Build.0 = Debug|Any CPU
		{E00C744E-3AD8-4AB7-A467-A74780AC4045}.Release|Any CPU.ActiveCfg = Release|Any CPU
		{E00C744E-3AD8-4AB7-A467-A74780AC4045}.Release|Any CPU.Build.0 = Release|Any CPU
		{12D24293-FC2D-4B52-AC40-3361A7E4D539}.Debug|Any CPU.ActiveCfg = Debug|Any CPU
		{12D24293-FC2D-4B52-AC40-3361A7E4D539}.Debug|Any CPU.Build.0 = Debug|Any CPU
		{12D24293-FC2D-4B52-AC40-3361A7E4D539}.Release|Any CPU.ActiveCfg = Release|Any CPU
		{12D24293-FC2D-4B52-AC40-3361A7E4D539}.Release|Any CPU.Build.0 = Release|Any CPU
		{AE27D77D-D32C-4105-B093-D975E453DCBF}.Debug|Any CPU.ActiveCfg = Debug|Any CPU
		{AE27D77D-D32C-4105-B093-D975E453DCBF}.Debug|Any CPU.Build.0 = Debug|Any CPU
		{AE27D77D-D32C-4105-B093-D975E453DCBF}.Release|Any CPU.ActiveCfg = Release|Any CPU
		{AE27D77D-D32C-4105-B093-D975E453DCBF}.Release|Any CPU.Build.0 = Release|Any CPU
	EndGlobalSection
	GlobalSection(NestedProjects) = preSolution
		{12D24293-FC2D-4B52-AC40-3361A7E4D539} = {8F00C58D-AF1A-4C38-A5B9-7FDAD7312214}
		{AE27D77D-D32C-4105-B093-D975E453DCBF} = {F9B6C446-785F-4CFD-831C-F3D8B1CCA860}
	EndGlobalSection
EndGlobal
